# This file is autogenerated, do not edit; changes may be undone by the next 'dep ensure'.


[[projects]]
  digest = "1:cf31692c14422fa27c83a05292eb5cbe0fb2775972e8f1f8446a71549bd8980b"
  name = "github.com/pkg/errors"
  packages = ["."]
  pruneopts = "UT"
  revision = "ba968bfe8b2f7e042a574c888954fccecfa385b4"
  version = "v0.8.1"

[[projects]]
  digest = "1:de5034e502c7dd6fbdd7d53152b5d28bdd3109a1027c4e65d731a11b36f00fb1"
  name = "gopkg.in/restruct.v1"
  packages = ["."]
  pruneopts = "UT"
  revision = "3c2afb705f3c8b27221d657b7b4ee6fdb000c234"
  version = "v1.1"

[solve-meta]
  analyzer-name = "dep"
  analyzer-version = 1
  input-imports = ["gopkg.in/restruct.v1"]
  solver-name = "gps-cdcl"
  solver-version = 1
